{
  "name": "@gitsolo/standardscripts",
  "version": "1.0.0",
  "lockfileVersion": 1,
  "requires": true,
  "dependencies": {
    "@gitsolo/types": {
      "version": "0.0.3",
      "resolved": "https://registry.npmjs.org/@gitsolo/types/-/types-0.0.3.tgz",
      "integrity": "sha512-diRhq0dCuFdog8OvydsLwn+bjVQfWJmXqSDSPiAW4QL2ll2k53Rl7CGxId9jWNmIZpBfOHEJRHMG2vt8q/SdjA=="
    },
    "tsc": {
      "version": "1.20150623.0",
      "resolved": "https://registry.npmjs.org/tsc/-/tsc-1.20150623.0.tgz",
      "integrity": "sha1-Trw8d04WkUjLx2inNCUz8ILHpuU="
    }
  }
}
