{
  "name": "@fibre/standardscripts",
  "version": "1.0.0",
  "lockfileVersion": 1,
  "requires": true,
  "dependencies": {
    "@fibre/types": {
      "version": "0.0.9",
      "resolved": "https://registry.npmjs.org/@fibre/types/-/types-0.0.9.tgz",
      "integrity": "sha512-VU0p+llUs6Jlj7fATpNWjsWYBFF+8K+q4lWr3woBX+Hiw/+V88mSg2FyLQl379NIOzUoaW9y10MscQRxOnVoGw=="
    },
    "tsc": {
      "version": "1.20150623.0",
      "resolved": "https://registry.npmjs.org/tsc/-/tsc-1.20150623.0.tgz",
      "integrity": "sha1-Trw8d04WkUjLx2inNCUz8ILHpuU="
    }
  }
}
